// !$*UTF8*$!
{
	archiveVersion = 1;
	classes = {
	};
	objectVersion = 52;
	objects = {

/* Begin PBXBuildFile section */
		004ACD4B2842C6FD0054203D /* AppDelegate.swift in Sources */ = {isa = PBXBuildFile; fileRef = 004ACD4A2842C6FD0054203D /* AppDelegate.swift */; };
		004ACD4F2842C6FD0054203D /* StocksViewController.swift in Sources */ = {isa = PBXBuildFile; fileRef = 004ACD4E2842C6FD0054203D /* StocksViewController.swift */; };
		004ACD572842C7010054203D /* LaunchScreen.storyboard in Resources */ = {isa = PBXBuildFile; fileRef = 004ACD552842C7010054203D /* LaunchScreen.storyboard */; };
		004ACD5F2842D0A10054203D /* StockCell.swift in Sources */ = {isa = PBXBuildFile; fileRef = 004ACD5E2842D0A10054203D /* StockCell.swift */; };
		004ACD7128442BDB0054203D /* Router.swift in Sources */ = {isa = PBXBuildFile; fileRef = 004ACD7028442BDB0054203D /* Router.swift */; };
		004ACD7328442E030054203D /* NetworkError.swift in Sources */ = {isa = PBXBuildFile; fileRef = 004ACD7228442E030054203D /* NetworkError.swift */; };
		004ACD7528442E640054203D /* HttpMethod.swift in Sources */ = {isa = PBXBuildFile; fileRef = 004ACD7428442E640054203D /* HttpMethod.swift */; };
		004ACD7A284430F90054203D /* StocksService.swift in Sources */ = {isa = PBXBuildFile; fileRef = 004ACD79284430F90054203D /* StocksService.swift */; };
		004ACD7C284433F70054203D /* NetworkService.swift in Sources */ = {isa = PBXBuildFile; fileRef = 004ACD7B284433F70054203D /* NetworkService.swift */; };
		004ACD7E2844399A0054203D /* Main.swift in Sources */ = {isa = PBXBuildFile; fileRef = 004ACD7D2844399A0054203D /* Main.swift */; };
		004ACD802844FE2E0054203D /* DetailVC.swift in Sources */ = {isa = PBXBuildFile; fileRef = 004ACD7F2844FE2E0054203D /* DetailVC.swift */; };
		004ACD82284547790054203D /* Assets.xcassets in Resources */ = {isa = PBXBuildFile; fileRef = 004ACD81284547790054203D /* Assets.xcassets */; };
		004ACD842845655A0054203D /* StocksPresenter.swift in Sources */ = {isa = PBXBuildFile; fileRef = 004ACD832845655A0054203D /* StocksPresenter.swift */; };
		004ACD8A284574080054203D /* Extensions.swift in Sources */ = {isa = PBXBuildFile; fileRef = 004ACD89284574080054203D /* Extensions.swift */; };
		004ACD9028457EF40054203D /* Montserrat-Bold.ttf in Resources */ = {isa = PBXBuildFile; fileRef = 004ACD8E28457EF40054203D /* Montserrat-Bold.ttf */; };
		004ACD9128457EF40054203D /* Montserrat-Regular.ttf in Resources */ = {isa = PBXBuildFile; fileRef = 004ACD8F28457EF40054203D /* Montserrat-Regular.ttf */; };
		004ACD93284586200054203D /* StocksRouter.swift in Sources */ = {isa = PBXBuildFile; fileRef = 004ACD92284586200054203D /* StocksRouter.swift */; };
		004ACD95284586990054203D /* StockModel.swift in Sources */ = {isa = PBXBuildFile; fileRef = 004ACD94284586990054203D /* StockModel.swift */; };
		004ACD97284587160054203D /* StocksResponse.swift in Sources */ = {isa = PBXBuildFile; fileRef = 004ACD96284587160054203D /* StocksResponse.swift */; };
		004ACD9E284651E70054203D /* DetailPresenter.swift in Sources */ = {isa = PBXBuildFile; fileRef = 004ACD9D284651E70054203D /* DetailPresenter.swift */; };
		004ACDA42846DC490054203D /* FavoritesService.swift in Sources */ = {isa = PBXBuildFile; fileRef = 004ACDA32846DC490054203D /* FavoritesService.swift */; };
		004ACDA82846F6800054203D /* FavoritesVC.swift in Sources */ = {isa = PBXBuildFile; fileRef = 004ACDA72846F6800054203D /* FavoritesVC.swift */; };
		004ACDAF284D57520054203D /* FavoritesUpdateService.swift in Sources */ = {isa = PBXBuildFile; fileRef = 004ACDAE284D57520054203D /* FavoritesUpdateService.swift */; };
		004ACDB2284D57EE0054203D /* FavoritesPresenter.swift in Sources */ = {isa = PBXBuildFile; fileRef = 004ACDB1284D57EE0054203D /* FavoritesPresenter.swift */; };
		004ACDB5284FF7CC0054203D /* ChartsModel.swift in Sources */ = {isa = PBXBuildFile; fileRef = 004ACDB4284FF7CC0054203D /* ChartsModel.swift */; };
		004ACDB7284FFD4A0054203D /* ChartsView.swift in Sources */ = {isa = PBXBuildFile; fileRef = 004ACDB6284FFD4A0054203D /* ChartsView.swift */; };
		004ACDB9285008150054203D /* ChartsResponce.swift in Sources */ = {isa = PBXBuildFile; fileRef = 004ACDB8285008150054203D /* ChartsResponce.swift */; };
		004ACDBB285008520054203D /* ChartsService.swift in Sources */ = {isa = PBXBuildFile; fileRef = 004ACDBA285008520054203D /* ChartsService.swift */; };
		004ACDBE2850166C0054203D /* Charts in Frameworks */ = {isa = PBXBuildFile; productRef = 004ACDBD2850166C0054203D /* Charts */; };
		004ACDC2285151DE0054203D /* SearchVC.swift in Sources */ = {isa = PBXBuildFile; fileRef = 004ACDC1285151DE0054203D /* SearchVC.swift */; };
		004ACDC52851714D0054203D /* SearchPresenter.swift in Sources */ = {isa = PBXBuildFile; fileRef = 004ACDC42851714D0054203D /* SearchPresenter.swift */; };
		004ACDC82857A2FB0054203D /* Kingfisher in Frameworks */ = {isa = PBXBuildFile; productRef = 004ACDC72857A2FB0054203D /* Kingfisher */; };
		2DABA8EA2AE29C7100352B04 /* SnapKit in Frameworks */ = {isa = PBXBuildFile; productRef = 2DABA8E92AE29C7100352B04 /* SnapKit */; };
/* End PBXBuildFile section */

/* Begin PBXFileReference section */
		004ACD472842C6FD0054203D /* StocksApp.app */ = {isa = PBXFileReference; explicitFileType = wrapper.application; includeInIndex = 0; path = StocksApp.app; sourceTree = BUILT_PRODUCTS_DIR; };
		004ACD4A2842C6FD0054203D /* AppDelegate.swift */ = {isa = PBXFileReference; lastKnownFileType = sourcecode.swift; path = AppDelegate.swift; sourceTree = "<group>"; };
		004ACD4E2842C6FD0054203D /* StocksViewController.swift */ = {isa = PBXFileReference; lastKnownFileType = sourcecode.swift; path = StocksViewController.swift; sourceTree = "<group>"; };
		004ACD562842C7010054203D /* Base */ = {isa = PBXFileReference; lastKnownFileType = file.storyboard; name = Base; path = Base.lproj/LaunchScreen.storyboard; sourceTree = "<group>"; };
		004ACD582842C7010054203D /* Info.plist */ = {isa = PBXFileReference; lastKnownFileType = text.plist.xml; path = Info.plist; sourceTree = "<group>"; };
		004ACD5E2842D0A10054203D /* StockCell.swift */ = {isa = PBXFileReference; lastKnownFileType = sourcecode.swift; path = StockCell.swift; sourceTree = "<group>"; };
		004ACD7028442BDB0054203D /* Router.swift */ = {isa = PBXFileReference; lastKnownFileType = sourcecode.swift; path = Router.swift; sourceTree = "<group>"; };
		004ACD7228442E030054203D /* NetworkError.swift */ = {isa = PBXFileReference; lastKnownFileType = sourcecode.swift; path = NetworkError.swift; sourceTree = "<group>"; };
		004ACD7428442E640054203D /* HttpMethod.swift */ = {isa = PBXFileReference; lastKnownFileType = sourcecode.swift; path = HttpMethod.swift; sourceTree = "<group>"; };
		004ACD79284430F90054203D /* StocksService.swift */ = {isa = PBXFileReference; lastKnownFileType = sourcecode.swift; path = StocksService.swift; sourceTree = "<group>"; };
		004ACD7B284433F70054203D /* NetworkService.swift */ = {isa = PBXFileReference; lastKnownFileType = sourcecode.swift; path = NetworkService.swift; sourceTree = "<group>"; };
		004ACD7D2844399A0054203D /* Main.swift */ = {isa = PBXFileReference; lastKnownFileType = sourcecode.swift; path = Main.swift; sourceTree = "<group>"; };
		004ACD7F2844FE2E0054203D /* DetailVC.swift */ = {isa = PBXFileReference; lastKnownFileType = sourcecode.swift; path = DetailVC.swift; sourceTree = "<group>"; };
		004ACD81284547790054203D /* Assets.xcassets */ = {isa = PBXFileReference; lastKnownFileType = folder.assetcatalog; path = Assets.xcassets; sourceTree = "<group>"; };
		004ACD832845655A0054203D /* StocksPresenter.swift */ = {isa = PBXFileReference; lastKnownFileType = sourcecode.swift; path = StocksPresenter.swift; sourceTree = "<group>"; };
		004ACD89284574080054203D /* Extensions.swift */ = {isa = PBXFileReference; lastKnownFileType = sourcecode.swift; path = Extensions.swift; sourceTree = "<group>"; };
		004ACD8E28457EF40054203D /* Montserrat-Bold.ttf */ = {isa = PBXFileReference; lastKnownFileType = file; path = "Montserrat-Bold.ttf"; sourceTree = "<group>"; };
		004ACD8F28457EF40054203D /* Montserrat-Regular.ttf */ = {isa = PBXFileReference; lastKnownFileType = file; path = "Montserrat-Regular.ttf"; sourceTree = "<group>"; };
		004ACD92284586200054203D /* StocksRouter.swift */ = {isa = PBXFileReference; lastKnownFileType = sourcecode.swift; path = StocksRouter.swift; sourceTree = "<group>"; };
		004ACD94284586990054203D /* StockModel.swift */ = {isa = PBXFileReference; lastKnownFileType = sourcecode.swift; path = StockModel.swift; sourceTree = "<group>"; };
		004ACD96284587160054203D /* StocksResponse.swift */ = {isa = PBXFileReference; lastKnownFileType = sourcecode.swift; path = StocksResponse.swift; sourceTree = "<group>"; };
		004ACD9D284651E70054203D /* DetailPresenter.swift */ = {isa = PBXFileReference; lastKnownFileType = sourcecode.swift; path = DetailPresenter.swift; sourceTree = "<group>"; };
		004ACDA32846DC490054203D /* FavoritesService.swift */ = {isa = PBXFileReference; lastKnownFileType = sourcecode.swift; path = FavoritesService.swift; sourceTree = "<group>"; };
		004ACDA72846F6800054203D /* FavoritesVC.swift */ = {isa = PBXFileReference; lastKnownFileType = sourcecode.swift; path = FavoritesVC.swift; sourceTree = "<group>"; };
		004ACDAE284D57520054203D /* FavoritesUpdateService.swift */ = {isa = PBXFileReference; lastKnownFileType = sourcecode.swift; path = FavoritesUpdateService.swift; sourceTree = "<group>"; };
		004ACDB1284D57EE0054203D /* FavoritesPresenter.swift */ = {isa = PBXFileReference; lastKnownFileType = sourcecode.swift; path = FavoritesPresenter.swift; sourceTree = "<group>"; };
		004ACDB4284FF7CC0054203D /* ChartsModel.swift */ = {isa = PBXFileReference; lastKnownFileType = sourcecode.swift; path = ChartsModel.swift; sourceTree = "<group>"; };
		004ACDB6284FFD4A0054203D /* ChartsView.swift */ = {isa = PBXFileReference; lastKnownFileType = sourcecode.swift; path = ChartsView.swift; sourceTree = "<group>"; };
		004ACDB8285008150054203D /* ChartsResponce.swift */ = {isa = PBXFileReference; lastKnownFileType = sourcecode.swift; path = ChartsResponce.swift; sourceTree = "<group>"; };
		004ACDBA285008520054203D /* ChartsService.swift */ = {isa = PBXFileReference; lastKnownFileType = sourcecode.swift; path = ChartsService.swift; sourceTree = "<group>"; };
		004ACDC1285151DE0054203D /* SearchVC.swift */ = {isa = PBXFileReference; lastKnownFileType = sourcecode.swift; path = SearchVC.swift; sourceTree = "<group>"; };
		004ACDC42851714D0054203D /* SearchPresenter.swift */ = {isa = PBXFileReference; lastKnownFileType = sourcecode.swift; path = SearchPresenter.swift; sourceTree = "<group>"; };
/* End PBXFileReference section */

/* Begin PBXFrameworksBuildPhase section */
		004ACD442842C6FD0054203D /* Frameworks */ = {
			isa = PBXFrameworksBuildPhase;
			buildActionMask = 2147483647;
			files = (
				2DABA8EA2AE29C7100352B04 /* SnapKit in Frameworks */,
				004ACDC82857A2FB0054203D /* Kingfisher in Frameworks */,
				004ACDBE2850166C0054203D /* Charts in Frameworks */,
			);
			runOnlyForDeploymentPostprocessing = 0;
		};
/* End PBXFrameworksBuildPhase section */

/* Begin PBXGroup section */
		004ACD3E2842C6FD0054203D = {
			isa = PBXGroup;
			children = (
				004ACD492842C6FD0054203D /* StocksApp */,
				004ACD482842C6FD0054203D /* Products */,
			);
			sourceTree = "<group>";
		};
		004ACD482842C6FD0054203D /* Products */ = {
			isa = PBXGroup;
			children = (
				004ACD472842C6FD0054203D /* StocksApp.app */,
			);
			name = Products;
			sourceTree = "<group>";
		};
		004ACD492842C6FD0054203D /* StocksApp */ = {
			isa = PBXGroup;
			children = (
				004ACD85284570FC0054203D /* Application */,
				004ACD87284573A30054203D /* Core */,
				004ACD68284428AB0054203D /* Screens */,
			);
			path = StocksApp;
			sourceTree = "<group>";
		};
		004ACD68284428AB0054203D /* Screens */ = {
			isa = PBXGroup;
			children = (
				004ACDBF285151C00054203D /* SearchScreen */,
				004ACDA52846F66B0054203D /* FavoritesScreen */,
				004ACD9828459C740054203D /* DetailScreen */,
				004ACD69284428B90054203D /* StocksScreen */,
			);
			path = Screens;
			sourceTree = "<group>";
		};
		004ACD69284428B90054203D /* StocksScreen */ = {
			isa = PBXGroup;
			children = (
				004ACD78284430E00054203D /* Service */,
				004ACD6C284428DD0054203D /* Presenter */,
				004ACD6B284428CF0054203D /* Model */,
				004ACD6A284428C90054203D /* View */,
			);
			path = StocksScreen;
			sourceTree = "<group>";
		};
		004ACD6A284428C90054203D /* View */ = {
			isa = PBXGroup;
			children = (
				004ACD4E2842C6FD0054203D /* StocksViewController.swift */,
				004ACD6D284429000054203D /* Cell */,
			);
			path = View;
			sourceTree = "<group>";
		};
		004ACD6B284428CF0054203D /* Model */ = {
			isa = PBXGroup;
			children = (
				004ACD94284586990054203D /* StockModel.swift */,
			);
			path = Model;
			sourceTree = "<group>";
		};
		004ACD6C284428DD0054203D /* Presenter */ = {
			isa = PBXGroup;
			children = (
				004ACD832845655A0054203D /* StocksPresenter.swift */,
			);
			path = Presenter;
			sourceTree = "<group>";
		};
		004ACD6D284429000054203D /* Cell */ = {
			isa = PBXGroup;
			children = (
				004ACD5E2842D0A10054203D /* StockCell.swift */,
			);
			path = Cell;
			sourceTree = "<group>";
		};
		004ACD6E2844292A0054203D /* Services */ = {
			isa = PBXGroup;
			children = (
				004ACDA22846DC2B0054203D /* FavoritesService */,
				004ACD6F2844293D0054203D /* NetworkService */,
			);
			path = Services;
			sourceTree = "<group>";
		};
		004ACD6F2844293D0054203D /* NetworkService */ = {
			isa = PBXGroup;
			children = (
				004ACD7028442BDB0054203D /* Router.swift */,
				004ACD7228442E030054203D /* NetworkError.swift */,
				004ACD7428442E640054203D /* HttpMethod.swift */,
				004ACD7B284433F70054203D /* NetworkService.swift */,
			);
			path = NetworkService;
			sourceTree = "<group>";
		};
		004ACD78284430E00054203D /* Service */ = {
			isa = PBXGroup;
			children = (
				004ACD92284586200054203D /* StocksRouter.swift */,
				004ACD79284430F90054203D /* StocksService.swift */,
				004ACD96284587160054203D /* StocksResponse.swift */,
			);
			path = Service;
			sourceTree = "<group>";
		};
		004ACD85284570FC0054203D /* Application */ = {
			isa = PBXGroup;
			children = (
				004ACD4A2842C6FD0054203D /* AppDelegate.swift */,
				004ACD552842C7010054203D /* LaunchScreen.storyboard */,
				004ACD582842C7010054203D /* Info.plist */,
			);
			path = Application;
			sourceTree = "<group>";
		};
		004ACD86284571360054203D /* Resources */ = {
			isa = PBXGroup;
			children = (
				004ACD81284547790054203D /* Assets.xcassets */,
			);
			path = Resources;
			sourceTree = "<group>";
		};
		004ACD87284573A30054203D /* Core */ = {
			isa = PBXGroup;
			children = (
				004ACD7D2844399A0054203D /* Main.swift */,
				004ACD86284571360054203D /* Resources */,
				004ACD6E2844292A0054203D /* Services */,
				004ACD8B28457C480054203D /* Fonts */,
				004ACD88284573B60054203D /* Extensions */,
			);
			path = Core;
			sourceTree = "<group>";
		};
		004ACD88284573B60054203D /* Extensions */ = {
			isa = PBXGroup;
			children = (
				004ACD89284574080054203D /* Extensions.swift */,
			);
			path = Extensions;
			sourceTree = "<group>";
		};
		004ACD8B28457C480054203D /* Fonts */ = {
			isa = PBXGroup;
			children = (
				004ACD8E28457EF40054203D /* Montserrat-Bold.ttf */,
				004ACD8F28457EF40054203D /* Montserrat-Regular.ttf */,
			);
			path = Fonts;
			sourceTree = "<group>";
		};
		004ACD9828459C740054203D /* DetailScreen */ = {
			isa = PBXGroup;
			children = (
				004ACDB3284FF77C0054203D /* Model */,
				004ACD9F2846B9610054203D /* Service */,
				004ACD9A28459C950054203D /* Presenter */,
				004ACD9928459C850054203D /* View */,
			);
			path = DetailScreen;
			sourceTree = "<group>";
		};
		004ACD9928459C850054203D /* View */ = {
			isa = PBXGroup;
			children = (
				004ACD7F2844FE2E0054203D /* DetailVC.swift */,
				004ACDB6284FFD4A0054203D /* ChartsView.swift */,
			);
			path = View;
			sourceTree = "<group>";
		};
		004ACD9A28459C950054203D /* Presenter */ = {
			isa = PBXGroup;
			children = (
				004ACD9D284651E70054203D /* DetailPresenter.swift */,
			);
			path = Presenter;
			sourceTree = "<group>";
		};
		004ACD9F2846B9610054203D /* Service */ = {
			isa = PBXGroup;
			children = (
				004ACDB8285008150054203D /* ChartsResponce.swift */,
				004ACDBA285008520054203D /* ChartsService.swift */,
			);
			path = Service;
			sourceTree = "<group>";
		};
		004ACDA22846DC2B0054203D /* FavoritesService */ = {
			isa = PBXGroup;
			children = (
				004ACDA32846DC490054203D /* FavoritesService.swift */,
				004ACDAE284D57520054203D /* FavoritesUpdateService.swift */,
			);
			path = FavoritesService;
			sourceTree = "<group>";
		};
		004ACDA52846F66B0054203D /* FavoritesScreen */ = {
			isa = PBXGroup;
			children = (
				004ACDB0284D57E10054203D /* Presenter */,
				004ACDA62846F6770054203D /* View */,
			);
			path = FavoritesScreen;
			sourceTree = "<group>";
		};
		004ACDA62846F6770054203D /* View */ = {
			isa = PBXGroup;
			children = (
				004ACDA72846F6800054203D /* FavoritesVC.swift */,
			);
			path = View;
			sourceTree = "<group>";
		};
		004ACDB0284D57E10054203D /* Presenter */ = {
			isa = PBXGroup;
			children = (
				004ACDB1284D57EE0054203D /* FavoritesPresenter.swift */,
			);
			path = Presenter;
			sourceTree = "<group>";
		};
		004ACDB3284FF77C0054203D /* Model */ = {
			isa = PBXGroup;
			children = (
				004ACDB4284FF7CC0054203D /* ChartsModel.swift */,
			);
			path = Model;
			sourceTree = "<group>";
		};
		004ACDBF285151C00054203D /* SearchScreen */ = {
			isa = PBXGroup;
			children = (
				004ACDC32851713B0054203D /* Presenter */,
				004ACDC0285151CA0054203D /* View */,
			);
			path = SearchScreen;
			sourceTree = "<group>";
		};
		004ACDC0285151CA0054203D /* View */ = {
			isa = PBXGroup;
			children = (
				004ACDC1285151DE0054203D /* SearchVC.swift */,
			);
			path = View;
			sourceTree = "<group>";
		};
		004ACDC32851713B0054203D /* Presenter */ = {
			isa = PBXGroup;
			children = (
				004ACDC42851714D0054203D /* SearchPresenter.swift */,
			);
			path = Presenter;
			sourceTree = "<group>";
		};
/* End PBXGroup section */

/* Begin PBXNativeTarget section */
		004ACD462842C6FD0054203D /* StocksApp */ = {
			isa = PBXNativeTarget;
			buildConfigurationList = 004ACD5B2842C7010054203D /* Build configuration list for PBXNativeTarget "StocksApp" */;
			buildPhases = (
				004ACD432842C6FD0054203D /* Sources */,
				004ACD442842C6FD0054203D /* Frameworks */,
				004ACD452842C6FD0054203D /* Resources */,
			);
			buildRules = (
			);
			dependencies = (
			);
			name = StocksApp;
			packageProductDependencies = (
				004ACDBD2850166C0054203D /* Charts */,
				004ACDC72857A2FB0054203D /* Kingfisher */,
				2DABA8E92AE29C7100352B04 /* SnapKit */,
			);
			productName = StocksApp;
			productReference = 004ACD472842C6FD0054203D /* StocksApp.app */;
			productType = "com.apple.product-type.application";
		};
/* End PBXNativeTarget section */

/* Begin PBXProject section */
		004ACD3F2842C6FD0054203D /* Project object */ = {
			isa = PBXProject;
			attributes = {
				LastSwiftUpdateCheck = 1250;
				LastUpgradeCheck = 1250;
				TargetAttributes = {
					004ACD462842C6FD0054203D = {
						CreatedOnToolsVersion = 12.5.1;
					};
				};
			};
			buildConfigurationList = 004ACD422842C6FD0054203D /* Build configuration list for PBXProject "StocksApp" */;
			compatibilityVersion = "Xcode 9.3";
			developmentRegion = en;
			hasScannedForEncodings = 0;
			knownRegions = (
				en,
				Base,
			);
			mainGroup = 004ACD3E2842C6FD0054203D;
			packageReferences = (
				004ACDBC2850166C0054203D /* XCRemoteSwiftPackageReference "Charts" */,
				004ACDC62857A2FA0054203D /* XCRemoteSwiftPackageReference "Kingfisher" */,
				2DABA8E82AE29C7100352B04 /* XCRemoteSwiftPackageReference "SnapKit" */,
			);
			productRefGroup = 004ACD482842C6FD0054203D /* Products */;
			projectDirPath = "";
			projectRoot = "";
			targets = (
				004ACD462842C6FD0054203D /* StocksApp */,
			);
		};
/* End PBXProject section */

/* Begin PBXResourcesBuildPhase section */
		004ACD452842C6FD0054203D /* Resources */ = {
			isa = PBXResourcesBuildPhase;
			buildActionMask = 2147483647;
			files = (
				004ACD9128457EF40054203D /* Montserrat-Regular.ttf in Resources */,
				004ACD82284547790054203D /* Assets.xcassets in Resources */,
				004ACD572842C7010054203D /* LaunchScreen.storyboard in Resources */,
				004ACD9028457EF40054203D /* Montserrat-Bold.ttf in Resources */,
			);
			runOnlyForDeploymentPostprocessing = 0;
		};
/* End PBXResourcesBuildPhase section */

/* Begin PBXSourcesBuildPhase section */
		004ACD432842C6FD0054203D /* Sources */ = {
			isa = PBXSourcesBuildPhase;
			buildActionMask = 2147483647;
			files = (
				004ACDA82846F6800054203D /* FavoritesVC.swift in Sources */,
				004ACDC2285151DE0054203D /* SearchVC.swift in Sources */,
				004ACD7E2844399A0054203D /* Main.swift in Sources */,
				004ACD842845655A0054203D /* StocksPresenter.swift in Sources */,
				004ACDB9285008150054203D /* ChartsResponce.swift in Sources */,
				004ACD95284586990054203D /* StockModel.swift in Sources */,
				004ACD7128442BDB0054203D /* Router.swift in Sources */,
				004ACD4F2842C6FD0054203D /* StocksViewController.swift in Sources */,
				004ACDAF284D57520054203D /* FavoritesUpdateService.swift in Sources */,
				004ACDBB285008520054203D /* ChartsService.swift in Sources */,
				004ACD4B2842C6FD0054203D /* AppDelegate.swift in Sources */,
				004ACD93284586200054203D /* StocksRouter.swift in Sources */,
				004ACD5F2842D0A10054203D /* StockCell.swift in Sources */,
				004ACDA42846DC490054203D /* FavoritesService.swift in Sources */,
				004ACDB5284FF7CC0054203D /* ChartsModel.swift in Sources */,
				004ACD802844FE2E0054203D /* DetailVC.swift in Sources */,
				004ACD8A284574080054203D /* Extensions.swift in Sources */,
				004ACD7A284430F90054203D /* StocksService.swift in Sources */,
				004ACDB7284FFD4A0054203D /* ChartsView.swift in Sources */,
				004ACD9E284651E70054203D /* DetailPresenter.swift in Sources */,
				004ACD97284587160054203D /* StocksResponse.swift in Sources */,
				004ACD7528442E640054203D /* HttpMethod.swift in Sources */,
				004ACDC52851714D0054203D /* SearchPresenter.swift in Sources */,
				004ACD7C284433F70054203D /* NetworkService.swift in Sources */,
				004ACD7328442E030054203D /* NetworkError.swift in Sources */,
				004ACDB2284D57EE0054203D /* FavoritesPresenter.swift in Sources */,
			);
			runOnlyForDeploymentPostprocessing = 0;
		};
/* End PBXSourcesBuildPhase section */

/* Begin PBXVariantGroup section */
		004ACD552842C7010054203D /* LaunchScreen.storyboard */ = {
			isa = PBXVariantGroup;
			children = (
				004ACD562842C7010054203D /* Base */,
			);
			name = LaunchScreen.storyboard;
			sourceTree = "<group>";
		};
/* End PBXVariantGroup section */

/* Begin XCBuildConfiguration section */
		004ACD592842C7010054203D /* Debug */ = {
			isa = XCBuildConfiguration;
			buildSettings = {
				ALWAYS_SEARCH_USER_PATHS = NO;
				CLANG_ANALYZER_NONNULL = YES;
				CLANG_ANALYZER_NUMBER_OBJECT_CONVERSION = YES_AGGRESSIVE;
				CLANG_CXX_LANGUAGE_STANDARD = "gnu++14";
				CLANG_CXX_LIBRARY = "libc++";
				CLANG_ENABLE_MODULES = YES;
				CLANG_ENABLE_OBJC_ARC = YES;
				CLANG_ENABLE_OBJC_WEAK = YES;
				CLANG_WARN_BLOCK_CAPTURE_AUTORELEASING = YES;
				CLANG_WARN_BOOL_CONVERSION = YES;
				CLANG_WARN_COMMA = YES;
				CLANG_WARN_CONSTANT_CONVERSION = YES;
				CLANG_WARN_DEPRECATED_OBJC_IMPLEMENTATIONS = YES;
				CLANG_WARN_DIRECT_OBJC_ISA_USAGE = YES_ERROR;
				CLANG_WARN_DOCUMENTATION_COMMENTS = YES;
				CLANG_WARN_EMPTY_BODY = YES;
				CLANG_WARN_ENUM_CONVERSION = YES;
				CLANG_WARN_INFINITE_RECURSION = YES;
				CLANG_WARN_INT_CONVERSION = YES;
				CLANG_WARN_NON_LITERAL_NULL_CONVERSION = YES;
				CLANG_WARN_OBJC_IMPLICIT_RETAIN_SELF = YES;
				CLANG_WARN_OBJC_LITERAL_CONVERSION = YES;
				CLANG_WARN_OBJC_ROOT_CLASS = YES_ERROR;
				CLANG_WARN_QUOTED_INCLUDE_IN_FRAMEWORK_HEADER = YES;
				CLANG_WARN_RANGE_LOOP_ANALYSIS = YES;
				CLANG_WARN_STRICT_PROTOTYPES = YES;
				CLANG_WARN_SUSPICIOUS_MOVE = YES;
				CLANG_WARN_UNGUARDED_AVAILABILITY = YES_AGGRESSIVE;
				CLANG_WARN_UNREACHABLE_CODE = YES;
				CLANG_WARN__DUPLICATE_METHOD_MATCH = YES;
				COPY_PHASE_STRIP = NO;
				DEBUG_INFORMATION_FORMAT = dwarf;
				ENABLE_STRICT_OBJC_MSGSEND = YES;
				ENABLE_TESTABILITY = YES;
				GCC_C_LANGUAGE_STANDARD = gnu11;
				GCC_DYNAMIC_NO_PIC = NO;
				GCC_NO_COMMON_BLOCKS = YES;
				GCC_OPTIMIZATION_LEVEL = 0;
				GCC_PREPROCESSOR_DEFINITIONS = (
					"DEBUG=1",
					"$(inherited)",
				);
				GCC_WARN_64_TO_32_BIT_CONVERSION = YES;
				GCC_WARN_ABOUT_RETURN_TYPE = YES_ERROR;
				GCC_WARN_UNDECLARED_SELECTOR = YES;
				GCC_WARN_UNINITIALIZED_AUTOS = YES_AGGRESSIVE;
				GCC_WARN_UNUSED_FUNCTION = YES;
				GCC_WARN_UNUSED_VARIABLE = YES;
				IPHONEOS_DEPLOYMENT_TARGET = 14.5;
				MTL_ENABLE_DEBUG_INFO = INCLUDE_SOURCE;
				MTL_FAST_MATH = YES;
				ONLY_ACTIVE_ARCH = YES;
				SDKROOT = iphoneos;
				SWIFT_ACTIVE_COMPILATION_CONDITIONS = DEBUG;
				SWIFT_OPTIMIZATION_LEVEL = "-Onone";
			};
			name = Debug;
		};
		004ACD5A2842C7010054203D /* Release */ = {
			isa = XCBuildConfiguration;
			buildSettings = {
				ALWAYS_SEARCH_USER_PATHS = NO;
				CLANG_ANALYZER_NONNULL = YES;
				CLANG_ANALYZER_NUMBER_OBJECT_CONVERSION = YES_AGGRESSIVE;
				CLANG_CXX_LANGUAGE_STANDARD = "gnu++14";
				CLANG_CXX_LIBRARY = "libc++";
				CLANG_ENABLE_MODULES = YES;
				CLANG_ENABLE_OBJC_ARC = YES;
				CLANG_ENABLE_OBJC_WEAK = YES;
				CLANG_WARN_BLOCK_CAPTURE_AUTORELEASING = YES;
				CLANG_WARN_BOOL_CONVERSION = YES;
				CLANG_WARN_COMMA = YES;
				CLANG_WARN_CONSTANT_CONVERSION = YES;
				CLANG_WARN_DEPRECATED_OBJC_IMPLEMENTATIONS = YES;
				CLANG_WARN_DIRECT_OBJC_ISA_USAGE = YES_ERROR;
				CLANG_WARN_DOCUMENTATION_COMMENTS = YES;
				CLANG_WARN_EMPTY_BODY = YES;
				CLANG_WARN_ENUM_CONVERSION = YES;
				CLANG_WARN_INFINITE_RECURSION = YES;
				CLANG_WARN_INT_CONVERSION = YES;
				CLANG_WARN_NON_LITERAL_NULL_CONVERSION = YES;
				CLANG_WARN_OBJC_IMPLICIT_RETAIN_SELF = YES;
				CLANG_WARN_OBJC_LITERAL_CONVERSION = YES;
				CLANG_WARN_OBJC_ROOT_CLASS = YES_ERROR;
				CLANG_WARN_QUOTED_INCLUDE_IN_FRAMEWORK_HEADER = YES;
				CLANG_WARN_RANGE_LOOP_ANALYSIS = YES;
				CLANG_WARN_STRICT_PROTOTYPES = YES;
				CLANG_WARN_SUSPICIOUS_MOVE = YES;
				CLANG_WARN_UNGUARDED_AVAILABILITY = YES_AGGRESSIVE;
				CLANG_WARN_UNREACHABLE_CODE = YES;
				CLANG_WARN__DUPLICATE_METHOD_MATCH = YES;
				COPY_PHASE_STRIP = NO;
				DEBUG_INFORMATION_FORMAT = "dwarf-with-dsym";
				ENABLE_NS_ASSERTIONS = NO;
				ENABLE_STRICT_OBJC_MSGSEND = YES;
				GCC_C_LANGUAGE_STANDARD = gnu11;
				GCC_NO_COMMON_BLOCKS = YES;
				GCC_WARN_64_TO_32_BIT_CONVERSION = YES;
				GCC_WARN_ABOUT_RETURN_TYPE = YES_ERROR;
				GCC_WARN_UNDECLARED_SELECTOR = YES;
				GCC_WARN_UNINITIALIZED_AUTOS = YES_AGGRESSIVE;
				GCC_WARN_UNUSED_FUNCTION = YES;
				GCC_WARN_UNUSED_VARIABLE = YES;
				IPHONEOS_DEPLOYMENT_TARGET = 14.5;
				MTL_ENABLE_DEBUG_INFO = NO;
				MTL_FAST_MATH = YES;
				SDKROOT = iphoneos;
				SWIFT_COMPILATION_MODE = wholemodule;
				SWIFT_OPTIMIZATION_LEVEL = "-O";
				VALIDATE_PRODUCT = YES;
			};
			name = Release;
		};
		004ACD5C2842C7010054203D /* Debug */ = {
			isa = XCBuildConfiguration;
			buildSettings = {
				ASSETCATALOG_COMPILER_APPICON_NAME = AppIcon;
				ASSETCATALOG_COMPILER_GLOBAL_ACCENT_COLOR_NAME = AccentColor;
				CODE_SIGN_STYLE = Automatic;
				DEVELOPMENT_TEAM = M6D747999J;
				INFOPLIST_FILE = StocksApp/Application/Info.plist;
				LD_RUNPATH_SEARCH_PATHS = (
					"$(inherited)",
					"@executable_path/Frameworks",
				);
				PRODUCT_BUNDLE_IDENTIFIER = example.StocksApp;
				PRODUCT_NAME = "$(TARGET_NAME)";
				SWIFT_VERSION = 5.0;
				TARGETED_DEVICE_FAMILY = "1,2";
			};
			name = Debug;
		};
		004ACD5D2842C7010054203D /* Release */ = {
			isa = XCBuildConfiguration;
			buildSettings = {
				ASSETCATALOG_COMPILER_APPICON_NAME = AppIcon;
				ASSETCATALOG_COMPILER_GLOBAL_ACCENT_COLOR_NAME = AccentColor;
				CODE_SIGN_STYLE = Automatic;
				DEVELOPMENT_TEAM = M6D747999J;
				INFOPLIST_FILE = StocksApp/Application/Info.plist;
				LD_RUNPATH_SEARCH_PATHS = (
					"$(inherited)",
					"@executable_path/Frameworks",
				);
				PRODUCT_BUNDLE_IDENTIFIER = example.StocksApp;
				PRODUCT_NAME = "$(TARGET_NAME)";
				SWIFT_VERSION = 5.0;
				TARGETED_DEVICE_FAMILY = "1,2";
			};
			name = Release;
		};
/* End XCBuildConfiguration section */

/* Begin XCConfigurationList section */
		004ACD422842C6FD0054203D /* Build configuration list for PBXProject "StocksApp" */ = {
			isa = XCConfigurationList;
			buildConfigurations = (
				004ACD592842C7010054203D /* Debug */,
				004ACD5A2842C7010054203D /* Release */,
			);
			defaultConfigurationIsVisible = 0;
			defaultConfigurationName = Release;
		};
		004ACD5B2842C7010054203D /* Build configuration list for PBXNativeTarget "StocksApp" */ = {
			isa = XCConfigurationList;
			buildConfigurations = (
				004ACD5C2842C7010054203D /* Debug */,
				004ACD5D2842C7010054203D /* Release */,
			);
			defaultConfigurationIsVisible = 0;
			defaultConfigurationName = Release;
		};
/* End XCConfigurationList section */

/* Begin XCRemoteSwiftPackageReference section */
		004ACDBC2850166C0054203D /* XCRemoteSwiftPackageReference "Charts" */ = {
			isa = XCRemoteSwiftPackageReference;
			repositoryURL = "https://github.com/danielgindi/Charts.git";
			requirement = {
				kind = upToNextMajorVersion;
				minimumVersion = 4.0.3;
			};
		};
		004ACDC62857A2FA0054203D /* XCRemoteSwiftPackageReference "Kingfisher" */ = {
			isa = XCRemoteSwiftPackageReference;
			repositoryURL = "https://github.com/onevcat/Kingfisher.git";
			requirement = {
				kind = upToNextMajorVersion;
				minimumVersion = 7.2.3;
			};
		};
		2DABA8E82AE29C7100352B04 /* XCRemoteSwiftPackageReference "SnapKit" */ = {
			isa = XCRemoteSwiftPackageReference;
			repositoryURL = "https://github.com/SnapKit/SnapKit";
			requirement = {
				kind = upToNextMajorVersion;
				minimumVersion = 5.0.0;
			};
		};
/* End XCRemoteSwiftPackageReference section */

/* Begin XCSwiftPackageProductDependency section */
		004ACDBD2850166C0054203D /* Charts */ = {
			isa = XCSwiftPackageProductDependency;
			package = 004ACDBC2850166C0054203D /* XCRemoteSwiftPackageReference "Charts" */;
			productName = Charts;
		};
		004ACDC72857A2FB0054203D /* Kingfisher */ = {
			isa = XCSwiftPackageProductDependency;
			package = 004ACDC62857A2FA0054203D /* XCRemoteSwiftPackageReference "Kingfisher" */;
			productName = Kingfisher;
		};
		2DABA8E92AE29C7100352B04 /* SnapKit */ = {
			isa = XCSwiftPackageProductDependency;
			package = 2DABA8E82AE29C7100352B04 /* XCRemoteSwiftPackageReference "SnapKit" */;
			productName = SnapKit;
		};
/* End XCSwiftPackageProductDependency section */
	};
	rootObject = 004ACD3F2842C6FD0054203D /* Project object */;
}
